
Microsoft Visual Studio Solution File, Format Version 12.00
# Visual Studio 2013
VisualStudioVersion = 12.0.30501.0
MinimumVisualStudioVersion = 10.0.40219.1
Project("{FAE04EC0-301F-11D3-BF4B-00C04F79EFBC}") = "Arduino.TEST1", "Arduino.TEST1\Arduino.TEST1.csproj", "{FEDED0B2-A58D-4D10-94C0-B47A593C8FF6}"
EndProject
Global
	GlobalSection(SolutionConfigurationPlatforms) = preSolution
		Debug|Any CPU = Debug|Any CPU
		Release|Any CPU = Release|Any CPU
	EndGlobalSection
	GlobalSection(ProjectConfigurationPlatforms) = postSolution
		{FEDED0B2-A58D-4D10-94C0-B47A593C8FF6}.Debug|Any CPU.ActiveCfg = Debug|Any CPU
		{FEDED0B2-A58D-4D10-94C0-B47A593C8FF6}.Debug|Any CPU.Build.0 = Debug|Any CPU
		{FEDED0B2-A58D-4D10-94C0-B47A593C8FF6}.Release|Any CPU.ActiveCfg = Release|Any CPU
		{FEDED0B2-A58D-4D10-94C0-B47A593C8FF6}.Release|Any CPU.Build.0 = Release|Any CPU
	EndGlobalSection
	GlobalSection(SolutionProperties) = preSolution
		HideSolutionNode = FALSE
	EndGlobalSection
EndGlobal
